
Microsoft Visual Studio Solution File, Format Version 12.00
# Visual Studio Version 17
VisualStudioVersion = 17.2.32526.322
MinimumVisualStudioVersion = 10.0.40219.1
Project("{9A19103F-16F7-4668-BE54-9A1E7A4F7556}") = "PoC.DistributedAspNetIdentity.Api", "src\PoC.DistributedAspNetIdentity.Api\PoC.DistributedAspNetIdentity.Api.csproj", "{22BD8D3C-BF1D-475C-A25F-810CB51A7F98}"
EndProject
Project("{FAE04EC0-301F-11D3-BF4B-00C04F79EFBC}") = "PoC.DistributedAspNetIdentity.Web", "src\PoC.DistributedAspNetIdentity.Web\PoC.DistributedAspNetIdentity.Web.csproj", "{90492B10-967C-4422-9BA7-2DA070685355}"
EndProject
Global
	GlobalSection(SolutionConfigurationPlatforms) = preSolution
		Debug|Any CPU = Debug|Any CPU
		Release|Any CPU = Release|Any CPU
	EndGlobalSection
	GlobalSection(ProjectConfigurationPlatforms) = postSolution
		{22BD8D3C-BF1D-475C-A25F-810CB51A7F98}.Debug|Any CPU.ActiveCfg = Debug|Any CPU
		{22BD8D3C-BF1D-475C-A25F-810CB51A7F98}.Debug|Any CPU.Build.0 = Debug|Any CPU
		{22BD8D3C-BF1D-475C-A25F-810CB51A7F98}.Release|Any CPU.ActiveCfg = Release|Any CPU
		{22BD8D3C-BF1D-475C-A25F-810CB51A7F98}.Release|Any CPU.Build.0 = Release|Any CPU
		{90492B10-967C-4422-9BA7-2DA070685355}.Debug|Any CPU.ActiveCfg = Debug|Any CPU
		{90492B10-967C-4422-9BA7-2DA070685355}.Debug|Any CPU.Build.0 = Debug|Any CPU
		{90492B10-967C-4422-9BA7-2DA070685355}.Release|Any CPU.ActiveCfg = Release|Any CPU
		{90492B10-967C-4422-9BA7-2DA070685355}.Release|Any CPU.Build.0 = Release|Any CPU
	EndGlobalSection
	GlobalSection(SolutionProperties) = preSolution
		HideSolutionNode = FALSE
	EndGlobalSection
	GlobalSection(ExtensibilityGlobals) = postSolution
		SolutionGuid = {7C85FCB2-20F6-458C-B559-E37D0F6CD428}
	EndGlobalSection
EndGlobal
